
Microsoft Visual Studio Solution File, Format Version 12.00
# Visual Studio Version 17
VisualStudioVersion = 17.11.35303.130
MinimumVisualStudioVersion = 10.0.40219.1
Project("{8BC9CEB8-8B4A-11D0-8D11-00A0C91BC942}") = "cpp_task_7", "cpp_task_7.vcxproj", "{86E20E24-4C77-49CB-BD1D-4617EF5AF3AD}"
EndProject
Global
	GlobalSection(SolutionConfigurationPlatforms) = preSolution
		Debug|x64 = Debug|x64
		Debug|x86 = Debug|x86
		Release|x64 = Release|x64
		Release|x86 = Release|x86
	EndGlobalSection
	GlobalSection(ProjectConfigurationPlatforms) = postSolution
		{86E20E24-4C77-49CB-BD1D-4617EF5AF3AD}.Debug|x64.ActiveCfg = Debug|x64
		{86E20E24-4C77-49CB-BD1D-4617EF5AF3AD}.Debug|x64.Build.0 = Debug|x64
		{86E20E24-4C77-49CB-BD1D-4617EF5AF3AD}.Debug|x86.ActiveCfg = Debug|Win32
		{86E20E24-4C77-49CB-BD1D-4617EF5AF3AD}.Debug|x86.Build.0 = Debug|Win32
		{86E20E24-4C77-49CB-BD1D-4617EF5AF3AD}.Release|x64.ActiveCfg = Release|x64
		{86E20E24-4C77-49CB-BD1D-4617EF5AF3AD}.Release|x64.Build.0 = Release|x64
		{86E20E24-4C77-49CB-BD1D-4617EF5AF3AD}.Release|x86.ActiveCfg = Release|Win32
		{86E20E24-4C77-49CB-BD1D-4617EF5AF3AD}.Release|x86.Build.0 = Release|Win32
	EndGlobalSection
	GlobalSection(SolutionProperties) = preSolution
		HideSolutionNode = FALSE
	EndGlobalSection
	GlobalSection(ExtensibilityGlobals) = postSolution
		SolutionGuid = {28D11EDE-397D-4F8F-B176-DEFF7F5F4C38}
	EndGlobalSection
EndGlobal
